// !$*UTF8*$!
{
	archiveVersion = 1;
	classes = {
	};
	objectVersion = 46;
	objects = {

/* Begin PBXBuildFile section */
		6C8A0BA117A0A81B002DDF80 /* Cocoa.framework in Frameworks */ = {isa = PBXBuildFile; fileRef = 6C8A0BA017A0A81B002DDF80 /* Cocoa.framework */; };
		6C8A0BAB17A0A81B002DDF80 /* InfoPlist.strings in Resources */ = {isa = PBXBuildFile; fileRef = 6C8A0BA917A0A81B002DDF80 /* InfoPlist.strings */; };
		6C8A0BAF17A0A81B002DDF80 /* TclObjC.m in Sources */ = {isa = PBXBuildFile; fileRef = 6C8A0BAE17A0A81B002DDF80 /* TclObjC.m */; };
		6C8A0BB617A0A81B002DDF80 /* XCTest.framework in Frameworks */ = {isa = PBXBuildFile; fileRef = 6C8A0BB517A0A81B002DDF80 /* XCTest.framework */; };
		6C8A0BB717A0A81B002DDF80 /* Cocoa.framework in Frameworks */ = {isa = PBXBuildFile; fileRef = 6C8A0BA017A0A81B002DDF80 /* Cocoa.framework */; };
		6C8A0BBA17A0A81B002DDF80 /* TclObjC.framework in Frameworks */ = {isa = PBXBuildFile; fileRef = 6C8A0B9D17A0A81B002DDF80 /* TclObjC.framework */; };
		6C8A0BC017A0A81B002DDF80 /* InfoPlist.strings in Resources */ = {isa = PBXBuildFile; fileRef = 6C8A0BBE17A0A81B002DDF80 /* InfoPlist.strings */; };
		6C8A0BC217A0A81B002DDF80 /* TclObjCTests.m in Sources */ = {isa = PBXBuildFile; fileRef = 6C8A0BC117A0A81B002DDF80 /* TclObjCTests.m */; };
/* End PBXBuildFile section */

/* Begin PBXContainerItemProxy section */
		6C8A0BB817A0A81B002DDF80 /* PBXContainerItemProxy */ = {
			isa = PBXContainerItemProxy;
			containerPortal = 6C8A0B9417A0A81B002DDF80 /* Project object */;
			proxyType = 1;
			remoteGlobalIDString = 6C8A0B9C17A0A81B002DDF80;
			remoteInfo = TclObjC;
		};
/* End PBXContainerItemProxy section */

/* Begin PBXFileReference section */
		6C8A0B9D17A0A81B002DDF80 /* TclObjC.framework */ = {isa = PBXFileReference; explicitFileType = wrapper.framework; includeInIndex = 0; path = TclObjC.framework; sourceTree = BUILT_PRODUCTS_DIR; };
		6C8A0BA017A0A81B002DDF80 /* Cocoa.framework */ = {isa = PBXFileReference; lastKnownFileType = wrapper.framework; name = Cocoa.framework; path = System/Library/Frameworks/Cocoa.framework; sourceTree = SDKROOT; };
		6C8A0BA317A0A81B002DDF80 /* Foundation.framework */ = {isa = PBXFileReference; lastKnownFileType = wrapper.framework; name = Foundation.framework; path = System/Library/Frameworks/Foundation.framework; sourceTree = SDKROOT; };
		6C8A0BA417A0A81B002DDF80 /* CoreData.framework */ = {isa = PBXFileReference; lastKnownFileType = wrapper.framework; name = CoreData.framework; path = System/Library/Frameworks/CoreData.framework; sourceTree = SDKROOT; };
		6C8A0BA517A0A81B002DDF80 /* AppKit.framework */ = {isa = PBXFileReference; lastKnownFileType = wrapper.framework; name = AppKit.framework; path = System/Library/Frameworks/AppKit.framework; sourceTree = SDKROOT; };
		6C8A0BA817A0A81B002DDF80 /* TclObjC-Info.plist */ = {isa = PBXFileReference; lastKnownFileType = text.plist.xml; path = "TclObjC-Info.plist"; sourceTree = "<group>"; };
		6C8A0BAA17A0A81B002DDF80 /* en */ = {isa = PBXFileReference; lastKnownFileType = text.plist.strings; name = en; path = en.lproj/InfoPlist.strings; sourceTree = "<group>"; };
		6C8A0BAC17A0A81B002DDF80 /* TclObjC-Prefix.pch */ = {isa = PBXFileReference; lastKnownFileType = sourcecode.c.h; path = "TclObjC-Prefix.pch"; sourceTree = "<group>"; };
		6C8A0BAD17A0A81B002DDF80 /* TclObjC.h */ = {isa = PBXFileReference; lastKnownFileType = sourcecode.c.h; path = TclObjC.h; sourceTree = "<group>"; };
		6C8A0BAE17A0A81B002DDF80 /* TclObjC.m */ = {isa = PBXFileReference; lastKnownFileType = sourcecode.c.objc; path = TclObjC.m; sourceTree = "<group>"; };
		6C8A0BB417A0A81B002DDF80 /* TclObjCTests.xctest */ = {isa = PBXFileReference; explicitFileType = folder; includeInIndex = 0; path = TclObjCTests.xctest; sourceTree = BUILT_PRODUCTS_DIR; };
		6C8A0BB517A0A81B002DDF80 /* XCTest.framework */ = {isa = PBXFileReference; lastKnownFileType = wrapper.framework; name = XCTest.framework; path = Library/Frameworks/XCTest.framework; sourceTree = DEVELOPER_DIR; };
		6C8A0BBD17A0A81B002DDF80 /* TclObjCTests-Info.plist */ = {isa = PBXFileReference; lastKnownFileType = text.plist.xml; path = "TclObjCTests-Info.plist"; sourceTree = "<group>"; };
		6C8A0BBF17A0A81B002DDF80 /* en */ = {isa = PBXFileReference; lastKnownFileType = text.plist.strings; name = en; path = en.lproj/InfoPlist.strings; sourceTree = "<group>"; };
		6C8A0BC117A0A81B002DDF80 /* TclObjCTests.m */ = {isa = PBXFileReference; lastKnownFileType = sourcecode.c.objc; path = TclObjCTests.m; sourceTree = "<group>"; };
/* End PBXFileReference section */

/* Begin PBXFrameworksBuildPhase section */
		6C8A0B9917A0A81B002DDF80 /* Frameworks */ = {
			isa = PBXFrameworksBuildPhase;
			buildActionMask = 2147483647;
			files = (
				6C8A0BA117A0A81B002DDF80 /* Cocoa.framework in Frameworks */,
			);
			runOnlyForDeploymentPostprocessing = 0;
		};
		6C8A0BB117A0A81B002DDF80 /* Frameworks */ = {
			isa = PBXFrameworksBuildPhase;
			buildActionMask = 2147483647;
			files = (
				6C8A0BB717A0A81B002DDF80 /* Cocoa.framework in Frameworks */,
				6C8A0BBA17A0A81B002DDF80 /* TclObjC.framework in Frameworks */,
				6C8A0BB617A0A81B002DDF80 /* XCTest.framework in Frameworks */,
			);
			runOnlyForDeploymentPostprocessing = 0;
		};
/* End PBXFrameworksBuildPhase section */

/* Begin PBXGroup section */
		6C8A0B9317A0A81B002DDF80 = {
			isa = PBXGroup;
			children = (
				6C8A0BA617A0A81B002DDF80 /* TclObjC */,
				6C8A0BBB17A0A81B002DDF80 /* TclObjCTests */,
				6C8A0B9F17A0A81B002DDF80 /* Frameworks */,
				6C8A0B9E17A0A81B002DDF80 /* Products */,
			);
			sourceTree = "<group>";
		};
		6C8A0B9E17A0A81B002DDF80 /* Products */ = {
			isa = PBXGroup;
			children = (
				6C8A0B9D17A0A81B002DDF80 /* TclObjC.framework */,
				6C8A0BB417A0A81B002DDF80 /* TclObjCTests.xctest */,
			);
			name = Products;
			sourceTree = "<group>";
		};
		6C8A0B9F17A0A81B002DDF80 /* Frameworks */ = {
			isa = PBXGroup;
			children = (
				6C8A0BA017A0A81B002DDF80 /* Cocoa.framework */,
				6C8A0BB517A0A81B002DDF80 /* XCTest.framework */,
				6C8A0BA217A0A81B002DDF80 /* Other Frameworks */,
			);
			name = Frameworks;
			sourceTree = "<group>";
		};
		6C8A0BA217A0A81B002DDF80 /* Other Frameworks */ = {
			isa = PBXGroup;
			children = (
				6C8A0BA317A0A81B002DDF80 /* Foundation.framework */,
				6C8A0BA417A0A81B002DDF80 /* CoreData.framework */,
				6C8A0BA517A0A81B002DDF80 /* AppKit.framework */,
			);
			name = "Other Frameworks";
			sourceTree = "<group>";
		};
		6C8A0BA617A0A81B002DDF80 /* TclObjC */ = {
			isa = PBXGroup;
			children = (
				6C8A0BAD17A0A81B002DDF80 /* TclObjC.h */,
				6C8A0BAE17A0A81B002DDF80 /* TclObjC.m */,
				6C8A0BA717A0A81B002DDF80 /* Supporting Files */,
			);
			path = TclObjC;
			sourceTree = "<group>";
		};
		6C8A0BA717A0A81B002DDF80 /* Supporting Files */ = {
			isa = PBXGroup;
			children = (
				6C8A0BA817A0A81B002DDF80 /* TclObjC-Info.plist */,
				6C8A0BA917A0A81B002DDF80 /* InfoPlist.strings */,
				6C8A0BAC17A0A81B002DDF80 /* TclObjC-Prefix.pch */,
			);
			name = "Supporting Files";
			sourceTree = "<group>";
		};
		6C8A0BBB17A0A81B002DDF80 /* TclObjCTests */ = {
			isa = PBXGroup;
			children = (
				6C8A0BC117A0A81B002DDF80 /* TclObjCTests.m */,
				6C8A0BBC17A0A81B002DDF80 /* Supporting Files */,
			);
			path = TclObjCTests;
			sourceTree = "<group>";
		};
		6C8A0BBC17A0A81B002DDF80 /* Supporting Files */ = {
			isa = PBXGroup;
			children = (
				6C8A0BBD17A0A81B002DDF80 /* TclObjCTests-Info.plist */,
				6C8A0BBE17A0A81B002DDF80 /* InfoPlist.strings */,
			);
			name = "Supporting Files";
			sourceTree = "<group>";
		};
/* End PBXGroup section */

/* Begin PBXHeadersBuildPhase section */
		6C8A0B9A17A0A81B002DDF80 /* Headers */ = {
			isa = PBXHeadersBuildPhase;
			buildActionMask = 2147483647;
			files = (
			);
			runOnlyForDeploymentPostprocessing = 0;
		};
/* End PBXHeadersBuildPhase section */

/* Begin PBXNativeTarget section */
		6C8A0B9C17A0A81B002DDF80 /* TclObjC */ = {
			isa = PBXNativeTarget;
			buildConfigurationList = 6C8A0BC517A0A81B002DDF80 /* Build configuration list for PBXNativeTarget "TclObjC" */;
			buildPhases = (
				6C8A0B9817A0A81B002DDF80 /* Sources */,
				6C8A0B9917A0A81B002DDF80 /* Frameworks */,
				6C8A0B9A17A0A81B002DDF80 /* Headers */,
				6C8A0B9B17A0A81B002DDF80 /* Resources */,
			);
			buildRules = (
			);
			dependencies = (
			);
			name = TclObjC;
			productName = TclObjC;
			productReference = 6C8A0B9D17A0A81B002DDF80 /* TclObjC.framework */;
			productType = "com.apple.product-type.framework";
		};
		6C8A0BB317A0A81B002DDF80 /* TclObjCTests */ = {
			isa = PBXNativeTarget;
			buildConfigurationList = 6C8A0BC817A0A81B002DDF80 /* Build configuration list for PBXNativeTarget "TclObjCTests" */;
			buildPhases = (
				6C8A0BB017A0A81B002DDF80 /* Sources */,
				6C8A0BB117A0A81B002DDF80 /* Frameworks */,
				6C8A0BB217A0A81B002DDF80 /* Resources */,
			);
			buildRules = (
			);
			dependencies = (
				6C8A0BB917A0A81B002DDF80 /* PBXTargetDependency */,
			);
			name = TclObjCTests;
			productName = TclObjCTests;
			productReference = 6C8A0BB417A0A81B002DDF80 /* TclObjCTests.xctest */;
			productType = "com.apple.product-type.bundle.unit-test";
		};
/* End PBXNativeTarget section */

/* Begin PBXProject section */
		6C8A0B9417A0A81B002DDF80 /* Project object */ = {
			isa = PBXProject;
			attributes = {
				LastUpgradeCheck = 0500;
				TargetAttributes = {
					6C8A0BB317A0A81B002DDF80 = {
						TestTargetID = 6C8A0B9C17A0A81B002DDF80;
					};
				};
			};
			buildConfigurationList = 6C8A0B9717A0A81B002DDF80 /* Build configuration list for PBXProject "TclObjC" */;
			compatibilityVersion = "Xcode 3.2";
			developmentRegion = English;
			hasScannedForEncodings = 0;
			knownRegions = (
				en,
			);
			mainGroup = 6C8A0B9317A0A81B002DDF80;
			productRefGroup = 6C8A0B9E17A0A81B002DDF80 /* Products */;
			projectDirPath = "";
			projectRoot = "";
			targets = (
				6C8A0B9C17A0A81B002DDF80 /* TclObjC */,
				6C8A0BB317A0A81B002DDF80 /* TclObjCTests */,
			);
		};
/* End PBXProject section */

/* Begin PBXResourcesBuildPhase section */
		6C8A0B9B17A0A81B002DDF80 /* Resources */ = {
			isa = PBXResourcesBuildPhase;
			buildActionMask = 2147483647;
			files = (
				6C8A0BAB17A0A81B002DDF80 /* InfoPlist.strings in Resources */,
			);
			runOnlyForDeploymentPostprocessing = 0;
		};
		6C8A0BB217A0A81B002DDF80 /* Resources */ = {
			isa = PBXResourcesBuildPhase;
			buildActionMask = 2147483647;
			files = (
				6C8A0BC017A0A81B002DDF80 /* InfoPlist.strings in Resources */,
			);
			runOnlyForDeploymentPostprocessing = 0;
		};
/* End PBXResourcesBuildPhase section */

/* Begin PBXSourcesBuildPhase section */
		6C8A0B9817A0A81B002DDF80 /* Sources */ = {
			isa = PBXSourcesBuildPhase;
			buildActionMask = 2147483647;
			files = (
				6C8A0BAF17A0A81B002DDF80 /* TclObjC.m in Sources */,
			);
			runOnlyForDeploymentPostprocessing = 0;
		};
		6C8A0BB017A0A81B002DDF80 /* Sources */ = {
			isa = PBXSourcesBuildPhase;
			buildActionMask = 2147483647;
			files = (
				6C8A0BC217A0A81B002DDF80 /* TclObjCTests.m in Sources */,
			);
			runOnlyForDeploymentPostprocessing = 0;
		};
/* End PBXSourcesBuildPhase section */

/* Begin PBXTargetDependency section */
		6C8A0BB917A0A81B002DDF80 /* PBXTargetDependency */ = {
			isa = PBXTargetDependency;
			target = 6C8A0B9C17A0A81B002DDF80 /* TclObjC */;
			targetProxy = 6C8A0BB817A0A81B002DDF80 /* PBXContainerItemProxy */;
		};
/* End PBXTargetDependency section */

/* Begin PBXVariantGroup section */
		6C8A0BA917A0A81B002DDF80 /* InfoPlist.strings */ = {
			isa = PBXVariantGroup;
			children = (
				6C8A0BAA17A0A81B002DDF80 /* en */,
			);
			name = InfoPlist.strings;
			sourceTree = "<group>";
		};
		6C8A0BBE17A0A81B002DDF80 /* InfoPlist.strings */ = {
			isa = PBXVariantGroup;
			children = (
				6C8A0BBF17A0A81B002DDF80 /* en */,
			);
			name = InfoPlist.strings;
			sourceTree = "<group>";
		};
/* End PBXVariantGroup section */

/* Begin XCBuildConfiguration section */
		6C8A0BC317A0A81B002DDF80 /* Debug */ = {
			isa = XCBuildConfiguration;
			buildSettings = {
				ALWAYS_SEARCH_USER_PATHS = NO;
				CLANG_CXX_LANGUAGE_STANDARD = "gnu++0x";
				CLANG_CXX_LIBRARY = "libc++";
				CLANG_ENABLE_MODULES = YES;
				CLANG_ENABLE_OBJC_ARC = YES;
				CLANG_WARN_BOOL_CONVERSION = YES;
				CLANG_WARN_CONSTANT_CONVERSION = YES;
				CLANG_WARN_DIRECT_OBJC_ISA_USAGE = YES_ERROR;
				CLANG_WARN_EMPTY_BODY = YES;
				CLANG_WARN_ENUM_CONVERSION = YES;
				CLANG_WARN_INT_CONVERSION = YES;
				CLANG_WARN_OBJC_ROOT_CLASS = YES_ERROR;
				CLANG_WARN__DUPLICATE_METHOD_MATCH = YES;
				COPY_PHASE_STRIP = NO;
				GCC_C_LANGUAGE_STANDARD = gnu99;
				GCC_DYNAMIC_NO_PIC = NO;
				GCC_ENABLE_OBJC_EXCEPTIONS = YES;
				GCC_OPTIMIZATION_LEVEL = 0;
				GCC_PREPROCESSOR_DEFINITIONS = (
					"DEBUG=1",
					"$(inherited)",
				);
				GCC_SYMBOLS_PRIVATE_EXTERN = NO;
				GCC_WARN_64_TO_32_BIT_CONVERSION = YES;
				GCC_WARN_ABOUT_RETURN_TYPE = YES_ERROR;
				GCC_WARN_UNDECLARED_SELECTOR = YES;
				GCC_WARN_UNINITIALIZED_AUTOS = YES;
				GCC_WARN_UNUSED_FUNCTION = YES;
				GCC_WARN_UNUSED_VARIABLE = YES;
				MACOSX_DEPLOYMENT_TARGET = 10.9;
				ONLY_ACTIVE_ARCH = YES;
				SDKROOT = macosx;
			};
			name = Debug;
		};
		6C8A0BC417A0A81B002DDF80 /* Release */ = {
			isa = XCBuildConfiguration;
			buildSettings = {
				ALWAYS_SEARCH_USER_PATHS = NO;
				CLANG_CXX_LANGUAGE_STANDARD = "gnu++0x";
				CLANG_CXX_LIBRARY = "libc++";
				CLANG_ENABLE_MODULES = YES;
				CLANG_ENABLE_OBJC_ARC = YES;
				CLANG_WARN_BOOL_CONVERSION = YES;
				CLANG_WARN_CONSTANT_CONVERSION = YES;
				CLANG_WARN_DIRECT_OBJC_ISA_USAGE = YES_ERROR;
				CLANG_WARN_EMPTY_BODY = YES;
				CLANG_WARN_ENUM_CONVERSION = YES;
				CLANG_WARN_INT_CONVERSION = YES;
				CLANG_WARN_OBJC_ROOT_CLASS = YES_ERROR;
				CLANG_WARN__DUPLICATE_METHOD_MATCH = YES;
				COPY_PHASE_STRIP = YES;
				DEBUG_INFORMATION_FORMAT = "dwarf-with-dsym";
				ENABLE_NS_ASSERTIONS = NO;
				GCC_C_LANGUAGE_STANDARD = gnu99;
				GCC_ENABLE_OBJC_EXCEPTIONS = YES;
				GCC_WARN_64_TO_32_BIT_CONVERSION = YES;
				GCC_WARN_ABOUT_RETURN_TYPE = YES_ERROR;
				GCC_WARN_UNDECLARED_SELECTOR = YES;
				GCC_WARN_UNINITIALIZED_AUTOS = YES;
				GCC_WARN_UNUSED_FUNCTION = YES;
				GCC_WARN_UNUSED_VARIABLE = YES;
				MACOSX_DEPLOYMENT_TARGET = 10.9;
				SDKROOT = macosx;
			};
			name = Release;
		};
		6C8A0BC617A0A81B002DDF80 /* Debug */ = {
			isa = XCBuildConfiguration;
			buildSettings = {
				COMBINE_HIDPI_IMAGES = YES;
				DYLIB_COMPATIBILITY_VERSION = 1;
				DYLIB_CURRENT_VERSION = 1;
				FRAMEWORK_VERSION = A;
				GCC_PRECOMPILE_PREFIX_HEADER = YES;
				GCC_PREFIX_HEADER = "TclObjC/TclObjC-Prefix.pch";
				INFOPLIST_FILE = "TclObjC/TclObjC-Info.plist";
				PRODUCT_NAME = "$(TARGET_NAME)";
				WRAPPER_EXTENSION = framework;
			};
			name = Debug;
		};
		6C8A0BC717A0A81B002DDF80 /* Release */ = {
			isa = XCBuildConfiguration;
			buildSettings = {
				COMBINE_HIDPI_IMAGES = YES;
				DYLIB_COMPATIBILITY_VERSION = 1;
				DYLIB_CURRENT_VERSION = 1;
				FRAMEWORK_VERSION = A;
				GCC_PRECOMPILE_PREFIX_HEADER = YES;
				GCC_PREFIX_HEADER = "TclObjC/TclObjC-Prefix.pch";
				INFOPLIST_FILE = "TclObjC/TclObjC-Info.plist";
				PRODUCT_NAME = "$(TARGET_NAME)";
				WRAPPER_EXTENSION = framework;
			};
			name = Release;
		};
		6C8A0BC917A0A81B002DDF80 /* Debug */ = {
			isa = XCBuildConfiguration;
			buildSettings = {
				BUNDLE_LOADER = "$(BUILT_PRODUCTS_DIR)/TclObjC.framework/Versions/A/TclObjC";
				COMBINE_HIDPI_IMAGES = YES;
				FRAMEWORK_SEARCH_PATHS = (
					"$(DEVELOPER_FRAMEWORKS_DIR)",
					"$(inherited)",
				);
				GCC_PRECOMPILE_PREFIX_HEADER = YES;
				GCC_PREFIX_HEADER = "TclObjC/TclObjC-Prefix.pch";
				GCC_PREPROCESSOR_DEFINITIONS = (
					"DEBUG=1",
					"$(inherited)",
				);
				INFOPLIST_FILE = "TclObjCTests/TclObjCTests-Info.plist";
				PRODUCT_NAME = "$(TARGET_NAME)";
				TEST_HOST = "$(BUNDLE_LOADER)";
				WRAPPER_EXTENSION = xctest;
			};
			name = Debug;
		};
		6C8A0BCA17A0A81B002DDF80 /* Release */ = {
			isa = XCBuildConfiguration;
			buildSettings = {
				BUNDLE_LOADER = "$(BUILT_PRODUCTS_DIR)/TclObjC.framework/Versions/A/TclObjC";
				COMBINE_HIDPI_IMAGES = YES;
				FRAMEWORK_SEARCH_PATHS = (
					"$(DEVELOPER_FRAMEWORKS_DIR)",
					"$(inherited)",
				);
				GCC_PRECOMPILE_PREFIX_HEADER = YES;
				GCC_PREFIX_HEADER = "TclObjC/TclObjC-Prefix.pch";
				INFOPLIST_FILE = "TclObjCTests/TclObjCTests-Info.plist";
				PRODUCT_NAME = "$(TARGET_NAME)";
				TEST_HOST = "$(BUNDLE_LOADER)";
				WRAPPER_EXTENSION = xctest;
			};
			name = Release;
		};
/* End XCBuildConfiguration section */

/* Begin XCConfigurationList section */
		6C8A0B9717A0A81B002DDF80 /* Build configuration list for PBXProject "TclObjC" */ = {
			isa = XCConfigurationList;
			buildConfigurations = (
				6C8A0BC317A0A81B002DDF80 /* Debug */,
				6C8A0BC417A0A81B002DDF80 /* Release */,
			);
			defaultConfigurationIsVisible = 0;
			defaultConfigurationName = Release;
		};
		6C8A0BC517A0A81B002DDF80 /* Build configuration list for PBXNativeTarget "TclObjC" */ = {
			isa = XCConfigurationList;
			buildConfigurations = (
				6C8A0BC617A0A81B002DDF80 /* Debug */,
				6C8A0BC717A0A81B002DDF80 /* Release */,
			);
			defaultConfigurationIsVisible = 0;
		};
		6C8A0BC817A0A81B002DDF80 /* Build configuration list for PBXNativeTarget "TclObjCTests" */ = {
			isa = XCConfigurationList;
			buildConfigurations = (
				6C8A0BC917A0A81B002DDF80 /* Debug */,
				6C8A0BCA17A0A81B002DDF80 /* Release */,
			);
			defaultConfigurationIsVisible = 0;
		};
/* End XCConfigurationList section */
	};
	rootObject = 6C8A0B9417A0A81B002DDF80 /* Project object */;
}
